// !$*UTF8*$!
{
	archiveVersion = 1;
	classes = {
	};
	objectVersion = 46;
	objects = {

/* Begin PBXBuildFile section */
		3E3CBA7C19E314B50006DEB4 /* MenuButton.swift in Sources */ = {isa = PBXBuildFile; fileRef = 3E3CBA7B19E314B50006DEB4 /* MenuButton.swift */; };
		3E3CBA7F19E665B80006DEB4 /* NumericDialViewController.swift in Sources */ = {isa = PBXBuildFile; fileRef = 3E3CBA7E19E665B80006DEB4 /* NumericDialViewController.swift */; };
		3E79123F19E7B4F100E3E938 /* NumericDial.swift in Sources */ = {isa = PBXBuildFile; fileRef = 3E79123D19E7B4F100E3E938 /* NumericDial.swift */; };
		3E79124019E7B4F100E3E938 /* NumericDialTrack.swift in Sources */ = {isa = PBXBuildFile; fileRef = 3E79123E19E7B4F100E3E938 /* NumericDialTrack.swift */; };
		3ED7199F19D93D2700388328 /* NodesPM.swift in Sources */ = {isa = PBXBuildFile; fileRef = 3ED7199E19D93D2700388328 /* NodesPM.swift */; };
		3EE831FF19DE82E5005FEB3C /* Toolbar.swift in Sources */ = {isa = PBXBuildFile; fileRef = 3EE831FE19DE82E5005FEB3C /* Toolbar.swift */; };
		3EEACE411A19E3FA002C019C /* Extensions.swift in Sources */ = {isa = PBXBuildFile; fileRef = 3EEACE401A19E3FA002C019C /* Extensions.swift */; };
		3EF374A419D9F43F004DC90F /* NodeVO.swift in Sources */ = {isa = PBXBuildFile; fileRef = 3EF374A319D9F43F004DC90F /* NodeVO.swift */; };
		3EF374A619DB24D8004DC90F /* RelationshipCurvesLayer.swift in Sources */ = {isa = PBXBuildFile; fileRef = 3EF374A519DB24D8004DC90F /* RelationshipCurvesLayer.swift */; };
		BE21B56C19E8F69400AF716B /* NumericDialBackground.swift in Sources */ = {isa = PBXBuildFile; fileRef = BE21B56B19E8F69400AF716B /* NumericDialBackground.swift */; };
		BE21B56F19E8FFB200AF716B /* Async.swift in Sources */ = {isa = PBXBuildFile; fileRef = BE21B56E19E8FFB200AF716B /* Async.swift */; };
		BEA67DCF19D7D0DB005979EA /* AppDelegate.swift in Sources */ = {isa = PBXBuildFile; fileRef = BEA67DCE19D7D0DB005979EA /* AppDelegate.swift */; };
		BEA67DD119D7D0DB005979EA /* ViewController.swift in Sources */ = {isa = PBXBuildFile; fileRef = BEA67DD019D7D0DB005979EA /* ViewController.swift */; };
		BEA67DD419D7D0DB005979EA /* Main.storyboard in Resources */ = {isa = PBXBuildFile; fileRef = BEA67DD219D7D0DB005979EA /* Main.storyboard */; };
		BEA67DD619D7D0DB005979EA /* Images.xcassets in Resources */ = {isa = PBXBuildFile; fileRef = BEA67DD519D7D0DB005979EA /* Images.xcassets */; };
		BEA67DD919D7D0DB005979EA /* LaunchScreen.xib in Resources */ = {isa = PBXBuildFile; fileRef = BEA67DD719D7D0DB005979EA /* LaunchScreen.xib */; };
		BEA67DE519D7D0DB005979EA /* UIScrollViewDemoTests.swift in Sources */ = {isa = PBXBuildFile; fileRef = BEA67DE419D7D0DB005979EA /* UIScrollViewDemoTests.swift */; };
		BEA67DEF19D7D101005979EA /* BackgroundControl.swift in Sources */ = {isa = PBXBuildFile; fileRef = BEA67DEE19D7D101005979EA /* BackgroundControl.swift */; };
		BEA67DF219D7D18D005979EA /* BackgroundGrid.swift in Sources */ = {isa = PBXBuildFile; fileRef = BEA67DF119D7D18D005979EA /* BackgroundGrid.swift */; };
		BEA67DF419D7E183005979EA /* NodeWidget.swift in Sources */ = {isa = PBXBuildFile; fileRef = BEA67DF319D7E183005979EA /* NodeWidget.swift */; };
/* End PBXBuildFile section */

/* Begin PBXContainerItemProxy section */
		BEA67DDF19D7D0DB005979EA /* PBXContainerItemProxy */ = {
			isa = PBXContainerItemProxy;
			containerPortal = BEA67DC119D7D0DA005979EA /* Project object */;
			proxyType = 1;
			remoteGlobalIDString = BEA67DC819D7D0DA005979EA;
			remoteInfo = UIScrollViewDemo;
		};
/* End PBXContainerItemProxy section */

/* Begin PBXFileReference section */
		3E3CBA7B19E314B50006DEB4 /* MenuButton.swift */ = {isa = PBXFileReference; fileEncoding = 4; lastKnownFileType = sourcecode.swift; path = MenuButton.swift; sourceTree = "<group>"; };
		3E3CBA7E19E665B80006DEB4 /* NumericDialViewController.swift */ = {isa = PBXFileReference; fileEncoding = 4; lastKnownFileType = sourcecode.swift; path = NumericDialViewController.swift; sourceTree = "<group>"; };
		3E79123D19E7B4F100E3E938 /* NumericDial.swift */ = {isa = PBXFileReference; fileEncoding = 4; lastKnownFileType = sourcecode.swift; path = NumericDial.swift; sourceTree = "<group>"; };
		3E79123E19E7B4F100E3E938 /* NumericDialTrack.swift */ = {isa = PBXFileReference; fileEncoding = 4; lastKnownFileType = sourcecode.swift; path = NumericDialTrack.swift; sourceTree = "<group>"; };
		3ED7199E19D93D2700388328 /* NodesPM.swift */ = {isa = PBXFileReference; fileEncoding = 4; lastKnownFileType = sourcecode.swift; path = NodesPM.swift; sourceTree = "<group>"; };
		3EE831FE19DE82E5005FEB3C /* Toolbar.swift */ = {isa = PBXFileReference; fileEncoding = 4; lastKnownFileType = sourcecode.swift; path = Toolbar.swift; sourceTree = "<group>"; };
		3EEACE401A19E3FA002C019C /* Extensions.swift */ = {isa = PBXFileReference; fileEncoding = 4; lastKnownFileType = sourcecode.swift; path = Extensions.swift; sourceTree = "<group>"; };
		3EF374A319D9F43F004DC90F /* NodeVO.swift */ = {isa = PBXFileReference; fileEncoding = 4; lastKnownFileType = sourcecode.swift; path = NodeVO.swift; sourceTree = "<group>"; };
		3EF374A519DB24D8004DC90F /* RelationshipCurvesLayer.swift */ = {isa = PBXFileReference; fileEncoding = 4; lastKnownFileType = sourcecode.swift; path = RelationshipCurvesLayer.swift; sourceTree = "<group>"; };
		BE21B56B19E8F69400AF716B /* NumericDialBackground.swift */ = {isa = PBXFileReference; fileEncoding = 4; lastKnownFileType = sourcecode.swift; path = NumericDialBackground.swift; sourceTree = "<group>"; };
		BE21B56E19E8FFB200AF716B /* Async.swift */ = {isa = PBXFileReference; fileEncoding = 4; lastKnownFileType = sourcecode.swift; path = Async.swift; sourceTree = "<group>"; };
		BEA67DC919D7D0DA005979EA /* UIScrollViewDemo.app */ = {isa = PBXFileReference; explicitFileType = wrapper.application; includeInIndex = 0; path = UIScrollViewDemo.app; sourceTree = BUILT_PRODUCTS_DIR; };
		BEA67DCD19D7D0DB005979EA /* Info.plist */ = {isa = PBXFileReference; lastKnownFileType = text.plist.xml; path = Info.plist; sourceTree = "<group>"; };
		BEA67DCE19D7D0DB005979EA /* AppDelegate.swift */ = {isa = PBXFileReference; lastKnownFileType = sourcecode.swift; path = AppDelegate.swift; sourceTree = "<group>"; };
		BEA67DD019D7D0DB005979EA /* ViewController.swift */ = {isa = PBXFileReference; lastKnownFileType = sourcecode.swift; path = ViewController.swift; sourceTree = "<group>"; };
		BEA67DD319D7D0DB005979EA /* Base */ = {isa = PBXFileReference; lastKnownFileType = file.storyboard; name = Base; path = Base.lproj/Main.storyboard; sourceTree = "<group>"; };
		BEA67DD519D7D0DB005979EA /* Images.xcassets */ = {isa = PBXFileReference; lastKnownFileType = folder.assetcatalog; path = Images.xcassets; sourceTree = "<group>"; };
		BEA67DD819D7D0DB005979EA /* Base */ = {isa = PBXFileReference; lastKnownFileType = file.xib; name = Base; path = Base.lproj/LaunchScreen.xib; sourceTree = "<group>"; };
		BEA67DDE19D7D0DB005979EA /* UIScrollViewDemoTests.xctest */ = {isa = PBXFileReference; explicitFileType = wrapper.cfbundle; includeInIndex = 0; path = UIScrollViewDemoTests.xctest; sourceTree = BUILT_PRODUCTS_DIR; };
		BEA67DE319D7D0DB005979EA /* Info.plist */ = {isa = PBXFileReference; lastKnownFileType = text.plist.xml; path = Info.plist; sourceTree = "<group>"; };
		BEA67DE419D7D0DB005979EA /* UIScrollViewDemoTests.swift */ = {isa = PBXFileReference; lastKnownFileType = sourcecode.swift; path = UIScrollViewDemoTests.swift; sourceTree = "<group>"; };
		BEA67DEE19D7D101005979EA /* BackgroundControl.swift */ = {isa = PBXFileReference; fileEncoding = 4; lastKnownFileType = sourcecode.swift; path = BackgroundControl.swift; sourceTree = "<group>"; };
		BEA67DF119D7D18D005979EA /* BackgroundGrid.swift */ = {isa = PBXFileReference; fileEncoding = 4; lastKnownFileType = sourcecode.swift; path = BackgroundGrid.swift; sourceTree = "<group>"; };
		BEA67DF319D7E183005979EA /* NodeWidget.swift */ = {isa = PBXFileReference; fileEncoding = 4; lastKnownFileType = sourcecode.swift; path = NodeWidget.swift; sourceTree = "<group>"; };
/* End PBXFileReference section */

/* Begin PBXFrameworksBuildPhase section */
		BEA67DC619D7D0DA005979EA /* Frameworks */ = {
			isa = PBXFrameworksBuildPhase;
			buildActionMask = 2147483647;
			files = (
			);
			runOnlyForDeploymentPostprocessing = 0;
		};
		BEA67DDB19D7D0DB005979EA /* Frameworks */ = {
			isa = PBXFrameworksBuildPhase;
			buildActionMask = 2147483647;
			files = (
			);
			runOnlyForDeploymentPostprocessing = 0;
		};
/* End PBXFrameworksBuildPhase section */

/* Begin PBXGroup section */
		3E3CBA7A19E314A70006DEB4 /* menuButton */ = {
			isa = PBXGroup;
			children = (
				3E3CBA7B19E314B50006DEB4 /* MenuButton.swift */,
			);
			name = menuButton;
			sourceTree = "<group>";
		};
		3E3CBA7D19E665A20006DEB4 /* numericDial */ = {
			isa = PBXGroup;
			children = (
				3E79123D19E7B4F100E3E938 /* NumericDial.swift */,
				3E79123E19E7B4F100E3E938 /* NumericDialTrack.swift */,
				3E3CBA7E19E665B80006DEB4 /* NumericDialViewController.swift */,
				BE21B56B19E8F69400AF716B /* NumericDialBackground.swift */,
			);
			name = numericDial;
			sourceTree = "<group>";
		};
		3ED7199D19D93D0600388328 /* presentationModel */ = {
			isa = PBXGroup;
			children = (
				3ED7199E19D93D2700388328 /* NodesPM.swift */,
			);
			name = presentationModel;
			sourceTree = "<group>";
		};
		3ED719A019D9E46700388328 /* node */ = {
			isa = PBXGroup;
			children = (
				BEA67DF319D7E183005979EA /* NodeWidget.swift */,
				3EF374A319D9F43F004DC90F /* NodeVO.swift */,
			);
			name = node;
			sourceTree = "<group>";
		};
		3EE831FD19DE82D4005FEB3C /* toolbar */ = {
			isa = PBXGroup;
			children = (
				3EE831FE19DE82E5005FEB3C /* Toolbar.swift */,
			);
			name = toolbar;
			sourceTree = "<group>";
		};
		BE21B56D19E8FF9900AF716B /* Async */ = {
			isa = PBXGroup;
			children = (
				BE21B56E19E8FFB200AF716B /* Async.swift */,
			);
			name = Async;
			sourceTree = "<group>";
		};
		BEA67DC019D7D0DA005979EA = {
			isa = PBXGroup;
			children = (
				3EEACE401A19E3FA002C019C /* Extensions.swift */,
				BEA67DCB19D7D0DA005979EA /* UIScrollViewDemo */,
				BEA67DE119D7D0DB005979EA /* UIScrollViewDemoTests */,
				BEA67DCA19D7D0DA005979EA /* Products */,
			);
			sourceTree = "<group>";
		};
		BEA67DCA19D7D0DA005979EA /* Products */ = {
			isa = PBXGroup;
			children = (
				BEA67DC919D7D0DA005979EA /* UIScrollViewDemo.app */,
				BEA67DDE19D7D0DB005979EA /* UIScrollViewDemoTests.xctest */,
			);
			name = Products;
			sourceTree = "<group>";
		};
		BEA67DCB19D7D0DA005979EA /* UIScrollViewDemo */ = {
			isa = PBXGroup;
			children = (
				BE21B56D19E8FF9900AF716B /* Async */,
				3E3CBA7D19E665A20006DEB4 /* numericDial */,
				3E3CBA7A19E314A70006DEB4 /* menuButton */,
				3EE831FD19DE82D4005FEB3C /* toolbar */,
				3ED719A019D9E46700388328 /* node */,
				3ED7199D19D93D0600388328 /* presentationModel */,
				BEA67DF019D7D154005979EA /* background */,
				BEA67DCE19D7D0DB005979EA /* AppDelegate.swift */,
				BEA67DD019D7D0DB005979EA /* ViewController.swift */,
				BEA67DD219D7D0DB005979EA /* Main.storyboard */,
				BEA67DD519D7D0DB005979EA /* Images.xcassets */,
				BEA67DD719D7D0DB005979EA /* LaunchScreen.xib */,
				BEA67DCC19D7D0DA005979EA /* Supporting Files */,
			);
			path = UIScrollViewDemo;
			sourceTree = "<group>";
		};
		BEA67DCC19D7D0DA005979EA /* Supporting Files */ = {
			isa = PBXGroup;
			children = (
				BEA67DCD19D7D0DB005979EA /* Info.plist */,
			);
			name = "Supporting Files";
			sourceTree = "<group>";
		};
		BEA67DE119D7D0DB005979EA /* UIScrollViewDemoTests */ = {
			isa = PBXGroup;
			children = (
				BEA67DE419D7D0DB005979EA /* UIScrollViewDemoTests.swift */,
				BEA67DE219D7D0DB005979EA /* Supporting Files */,
			);
			path = UIScrollViewDemoTests;
			sourceTree = "<group>";
		};
		BEA67DE219D7D0DB005979EA /* Supporting Files */ = {
			isa = PBXGroup;
			children = (
				BEA67DE319D7D0DB005979EA /* Info.plist */,
			);
			name = "Supporting Files";
			sourceTree = "<group>";
		};
		BEA67DF019D7D154005979EA /* background */ = {
			isa = PBXGroup;
			children = (
				BEA67DEE19D7D101005979EA /* BackgroundControl.swift */,
				BEA67DF119D7D18D005979EA /* BackgroundGrid.swift */,
				3EF374A519DB24D8004DC90F /* RelationshipCurvesLayer.swift */,
			);
			name = background;
			sourceTree = "<group>";
		};
/* End PBXGroup section */

/* Begin PBXNativeTarget section */
		BEA67DC819D7D0DA005979EA /* UIScrollViewDemo */ = {
			isa = PBXNativeTarget;
			buildConfigurationList = BEA67DE819D7D0DB005979EA /* Build configuration list for PBXNativeTarget "UIScrollViewDemo" */;
			buildPhases = (
				BEA67DC519D7D0DA005979EA /* Sources */,
				BEA67DC619D7D0DA005979EA /* Frameworks */,
				BEA67DC719D7D0DA005979EA /* Resources */,
			);
			buildRules = (
			);
			dependencies = (
			);
			name = UIScrollViewDemo;
			productName = UIScrollViewDemo;
			productReference = BEA67DC919D7D0DA005979EA /* UIScrollViewDemo.app */;
			productType = "com.apple.product-type.application";
		};
		BEA67DDD19D7D0DB005979EA /* UIScrollViewDemoTests */ = {
			isa = PBXNativeTarget;
			buildConfigurationList = BEA67DEB19D7D0DB005979EA /* Build configuration list for PBXNativeTarget "UIScrollViewDemoTests" */;
			buildPhases = (
				BEA67DDA19D7D0DB005979EA /* Sources */,
				BEA67DDB19D7D0DB005979EA /* Frameworks */,
				BEA67DDC19D7D0DB005979EA /* Resources */,
			);
			buildRules = (
			);
			dependencies = (
				BEA67DE019D7D0DB005979EA /* PBXTargetDependency */,
			);
			name = UIScrollViewDemoTests;
			productName = UIScrollViewDemoTests;
			productReference = BEA67DDE19D7D0DB005979EA /* UIScrollViewDemoTests.xctest */;
			productType = "com.apple.product-type.bundle.unit-test";
		};
/* End PBXNativeTarget section */

/* Begin PBXProject section */
		BEA67DC119D7D0DA005979EA /* Project object */ = {
			isa = PBXProject;
			attributes = {
				LastUpgradeCheck = 0600;
				ORGANIZATIONNAME = "Simon Gladman";
				TargetAttributes = {
					BEA67DC819D7D0DA005979EA = {
						CreatedOnToolsVersion = 6.0;
					};
					BEA67DDD19D7D0DB005979EA = {
						CreatedOnToolsVersion = 6.0;
						TestTargetID = BEA67DC819D7D0DA005979EA;
					};
				};
			};
			buildConfigurationList = BEA67DC419D7D0DA005979EA /* Build configuration list for PBXProject "UIScrollViewDemo" */;
			compatibilityVersion = "Xcode 3.2";
			developmentRegion = English;
			hasScannedForEncodings = 0;
			knownRegions = (
				en,
				Base,
			);
			mainGroup = BEA67DC019D7D0DA005979EA;
			productRefGroup = BEA67DCA19D7D0DA005979EA /* Products */;
			projectDirPath = "";
			projectRoot = "";
			targets = (
				BEA67DC819D7D0DA005979EA /* UIScrollViewDemo */,
				BEA67DDD19D7D0DB005979EA /* UIScrollViewDemoTests */,
			);
		};
/* End PBXProject section */

/* Begin PBXResourcesBuildPhase section */
		BEA67DC719D7D0DA005979EA /* Resources */ = {
			isa = PBXResourcesBuildPhase;
			buildActionMask = 2147483647;
			files = (
				BEA67DD419D7D0DB005979EA /* Main.storyboard in Resources */,
				BEA67DD919D7D0DB005979EA /* LaunchScreen.xib in Resources */,
				BEA67DD619D7D0DB005979EA /* Images.xcassets in Resources */,
			);
			runOnlyForDeploymentPostprocessing = 0;
		};
		BEA67DDC19D7D0DB005979EA /* Resources */ = {
			isa = PBXResourcesBuildPhase;
			buildActionMask = 2147483647;
			files = (
			);
			runOnlyForDeploymentPostprocessing = 0;
		};
/* End PBXResourcesBuildPhase section */

/* Begin PBXSourcesBuildPhase section */
		BEA67DC519D7D0DA005979EA /* Sources */ = {
			isa = PBXSourcesBuildPhase;
			buildActionMask = 2147483647;
			files = (
				3EE831FF19DE82E5005FEB3C /* Toolbar.swift in Sources */,
				3ED7199F19D93D2700388328 /* NodesPM.swift in Sources */,
				3E3CBA7C19E314B50006DEB4 /* MenuButton.swift in Sources */,
				3EF374A419D9F43F004DC90F /* NodeVO.swift in Sources */,
				3E3CBA7F19E665B80006DEB4 /* NumericDialViewController.swift in Sources */,
				BE21B56C19E8F69400AF716B /* NumericDialBackground.swift in Sources */,
				BEA67DD119D7D0DB005979EA /* ViewController.swift in Sources */,
				BEA67DF419D7E183005979EA /* NodeWidget.swift in Sources */,
				3E79124019E7B4F100E3E938 /* NumericDialTrack.swift in Sources */,
				BEA67DF219D7D18D005979EA /* BackgroundGrid.swift in Sources */,
				BEA67DEF19D7D101005979EA /* BackgroundControl.swift in Sources */,
				3EEACE411A19E3FA002C019C /* Extensions.swift in Sources */,
				3E79123F19E7B4F100E3E938 /* NumericDial.swift in Sources */,
				BEA67DCF19D7D0DB005979EA /* AppDelegate.swift in Sources */,
				BE21B56F19E8FFB200AF716B /* Async.swift in Sources */,
				3EF374A619DB24D8004DC90F /* RelationshipCurvesLayer.swift in Sources */,
			);
			runOnlyForDeploymentPostprocessing = 0;
		};
		BEA67DDA19D7D0DB005979EA /* Sources */ = {
			isa = PBXSourcesBuildPhase;
			buildActionMask = 2147483647;
			files = (
				BEA67DE519D7D0DB005979EA /* UIScrollViewDemoTests.swift in Sources */,
			);
			runOnlyForDeploymentPostprocessing = 0;
		};
/* End PBXSourcesBuildPhase section */

/* Begin PBXTargetDependency section */
		BEA67DE019D7D0DB005979EA /* PBXTargetDependency */ = {
			isa = PBXTargetDependency;
			target = BEA67DC819D7D0DA005979EA /* UIScrollViewDemo */;
			targetProxy = BEA67DDF19D7D0DB005979EA /* PBXContainerItemProxy */;
		};
/* End PBXTargetDependency section */

/* Begin PBXVariantGroup section */
		BEA67DD219D7D0DB005979EA /* Main.storyboard */ = {
			isa = PBXVariantGroup;
			children = (
				BEA67DD319D7D0DB005979EA /* Base */,
			);
			name = Main.storyboard;
			sourceTree = "<group>";
		};
		BEA67DD719D7D0DB005979EA /* LaunchScreen.xib */ = {
			isa = PBXVariantGroup;
			children = (
				BEA67DD819D7D0DB005979EA /* Base */,
			);
			name = LaunchScreen.xib;
			sourceTree = "<group>";
		};
/* End PBXVariantGroup section */

/* Begin XCBuildConfiguration section */
		BEA67DE619D7D0DB005979EA /* Debug */ = {
			isa = XCBuildConfiguration;
			buildSettings = {
				ALWAYS_SEARCH_USER_PATHS = NO;
				CLANG_CXX_LANGUAGE_STANDARD = "gnu++0x";
				CLANG_CXX_LIBRARY = "libc++";
				CLANG_ENABLE_MODULES = YES;
				CLANG_ENABLE_OBJC_ARC = YES;
				CLANG_WARN_BOOL_CONVERSION = YES;
				CLANG_WARN_CONSTANT_CONVERSION = YES;
				CLANG_WARN_DIRECT_OBJC_ISA_USAGE = YES_ERROR;
				CLANG_WARN_EMPTY_BODY = YES;
				CLANG_WARN_ENUM_CONVERSION = YES;
				CLANG_WARN_INT_CONVERSION = YES;
				CLANG_WARN_OBJC_ROOT_CLASS = YES_ERROR;
				CLANG_WARN_UNREACHABLE_CODE = YES;
				CLANG_WARN__DUPLICATE_METHOD_MATCH = YES;
				"CODE_SIGN_IDENTITY[sdk=iphoneos*]" = "iPhone Developer";
				COPY_PHASE_STRIP = NO;
				ENABLE_STRICT_OBJC_MSGSEND = YES;
				GCC_C_LANGUAGE_STANDARD = gnu99;
				GCC_DYNAMIC_NO_PIC = NO;
				GCC_OPTIMIZATION_LEVEL = 0;
				GCC_PREPROCESSOR_DEFINITIONS = (
					"DEBUG=1",
					"$(inherited)",
				);
				GCC_SYMBOLS_PRIVATE_EXTERN = NO;
				GCC_WARN_64_TO_32_BIT_CONVERSION = YES;
				GCC_WARN_ABOUT_RETURN_TYPE = YES_ERROR;
				GCC_WARN_UNDECLARED_SELECTOR = YES;
				GCC_WARN_UNINITIALIZED_AUTOS = YES_AGGRESSIVE;
				GCC_WARN_UNUSED_FUNCTION = YES;
				GCC_WARN_UNUSED_VARIABLE = YES;
				IPHONEOS_DEPLOYMENT_TARGET = 8.0;
				MTL_ENABLE_DEBUG_INFO = YES;
				ONLY_ACTIVE_ARCH = YES;
				SDKROOT = iphoneos;
				SWIFT_OPTIMIZATION_LEVEL = "-Onone";
				TARGETED_DEVICE_FAMILY = 2;
			};
			name = Debug;
		};
		BEA67DE719D7D0DB005979EA /* Release */ = {
			isa = XCBuildConfiguration;
			buildSettings = {
				ALWAYS_SEARCH_USER_PATHS = NO;
				CLANG_CXX_LANGUAGE_STANDARD = "gnu++0x";
				CLANG_CXX_LIBRARY = "libc++";
				CLANG_ENABLE_MODULES = YES;
				CLANG_ENABLE_OBJC_ARC = YES;
				CLANG_WARN_BOOL_CONVERSION = YES;
				CLANG_WARN_CONSTANT_CONVERSION = YES;
				CLANG_WARN_DIRECT_OBJC_ISA_USAGE = YES_ERROR;
				CLANG_WARN_EMPTY_BODY = YES;
				CLANG_WARN_ENUM_CONVERSION = YES;
				CLANG_WARN_INT_CONVERSION = YES;
				CLANG_WARN_OBJC_ROOT_CLASS = YES_ERROR;
				CLANG_WARN_UNREACHABLE_CODE = YES;
				CLANG_WARN__DUPLICATE_METHOD_MATCH = YES;
				"CODE_SIGN_IDENTITY[sdk=iphoneos*]" = "iPhone Developer";
				COPY_PHASE_STRIP = YES;
				ENABLE_NS_ASSERTIONS = NO;
				ENABLE_STRICT_OBJC_MSGSEND = YES;
				GCC_C_LANGUAGE_STANDARD = gnu99;
				GCC_WARN_64_TO_32_BIT_CONVERSION = YES;
				GCC_WARN_ABOUT_RETURN_TYPE = YES_ERROR;
				GCC_WARN_UNDECLARED_SELECTOR = YES;
				GCC_WARN_UNINITIALIZED_AUTOS = YES_AGGRESSIVE;
				GCC_WARN_UNUSED_FUNCTION = YES;
				GCC_WARN_UNUSED_VARIABLE = YES;
				IPHONEOS_DEPLOYMENT_TARGET = 8.0;
				MTL_ENABLE_DEBUG_INFO = NO;
				SDKROOT = iphoneos;
				TARGETED_DEVICE_FAMILY = 2;
				VALIDATE_PRODUCT = YES;
			};
			name = Release;
		};
		BEA67DE919D7D0DB005979EA /* Debug */ = {
			isa = XCBuildConfiguration;
			buildSettings = {
				ASSETCATALOG_COMPILER_APPICON_NAME = AppIcon;
				INFOPLIST_FILE = UIScrollViewDemo/Info.plist;
				LD_RUNPATH_SEARCH_PATHS = "$(inherited) @executable_path/Frameworks";
				PRODUCT_NAME = "$(TARGET_NAME)";
				TARGETED_DEVICE_FAMILY = 2;
			};
			name = Debug;
		};
		BEA67DEA19D7D0DB005979EA /* Release */ = {
			isa = XCBuildConfiguration;
			buildSettings = {
				ASSETCATALOG_COMPILER_APPICON_NAME = AppIcon;
				INFOPLIST_FILE = UIScrollViewDemo/Info.plist;
				LD_RUNPATH_SEARCH_PATHS = "$(inherited) @executable_path/Frameworks";
				PRODUCT_NAME = "$(TARGET_NAME)";
				TARGETED_DEVICE_FAMILY = 2;
			};
			name = Release;
		};
		BEA67DEC19D7D0DB005979EA /* Debug */ = {
			isa = XCBuildConfiguration;
			buildSettings = {
				BUNDLE_LOADER = "$(TEST_HOST)";
				FRAMEWORK_SEARCH_PATHS = (
					"$(SDKROOT)/Developer/Library/Frameworks",
					"$(inherited)",
				);
				GCC_PREPROCESSOR_DEFINITIONS = (
					"DEBUG=1",
					"$(inherited)",
				);
				INFOPLIST_FILE = UIScrollViewDemoTests/Info.plist;
				LD_RUNPATH_SEARCH_PATHS = "$(inherited) @executable_path/Frameworks @loader_path/Frameworks";
				PRODUCT_NAME = "$(TARGET_NAME)";
				TEST_HOST = "$(BUILT_PRODUCTS_DIR)/UIScrollViewDemo.app/UIScrollViewDemo";
			};
			name = Debug;
		};
		BEA67DED19D7D0DB005979EA /* Release */ = {
			isa = XCBuildConfiguration;
			buildSettings = {
				BUNDLE_LOADER = "$(TEST_HOST)";
				FRAMEWORK_SEARCH_PATHS = (
					"$(SDKROOT)/Developer/Library/Frameworks",
					"$(inherited)",
				);
				INFOPLIST_FILE = UIScrollViewDemoTests/Info.plist;
				LD_RUNPATH_SEARCH_PATHS = "$(inherited) @executable_path/Frameworks @loader_path/Frameworks";
				PRODUCT_NAME = "$(TARGET_NAME)";
				TEST_HOST = "$(BUILT_PRODUCTS_DIR)/UIScrollViewDemo.app/UIScrollViewDemo";
			};
			name = Release;
		};
/* End XCBuildConfiguration section */

/* Begin XCConfigurationList section */
		BEA67DC419D7D0DA005979EA /* Build configuration list for PBXProject "UIScrollViewDemo" */ = {
			isa = XCConfigurationList;
			buildConfigurations = (
				BEA67DE619D7D0DB005979EA /* Debug */,
				BEA67DE719D7D0DB005979EA /* Release */,
			);
			defaultConfigurationIsVisible = 0;
			defaultConfigurationName = Release;
		};
		BEA67DE819D7D0DB005979EA /* Build configuration list for PBXNativeTarget "UIScrollViewDemo" */ = {
			isa = XCConfigurationList;
			buildConfigurations = (
				BEA67DE919D7D0DB005979EA /* Debug */,
				BEA67DEA19D7D0DB005979EA /* Release */,
			);
			defaultConfigurationIsVisible = 0;
			defaultConfigurationName = Release;
		};
		BEA67DEB19D7D0DB005979EA /* Build configuration list for PBXNativeTarget "UIScrollViewDemoTests" */ = {
			isa = XCConfigurationList;
			buildConfigurations = (
				BEA67DEC19D7D0DB005979EA /* Debug */,
				BEA67DED19D7D0DB005979EA /* Release */,
			);
			defaultConfigurationIsVisible = 0;
			defaultConfigurationName = Release;
		};
/* End XCConfigurationList section */
	};
	rootObject = BEA67DC119D7D0DA005979EA /* Project object */;
}
